github.com/maloquacious/quetzal v0.0.0-20260730025726-592eec3a5667 h1:XPkBGrvw/lN06tv42MtyJrCWPFvf7efG2GjjLB99dsY=
github.com/maloquacious/quetzal v0.0.0-20260730025726-592eec3a5667/go.mod h1:kvRhLSA/cA96h1mzl6uIAB97Z0gHYjJsA9qkuEd+pG4=
github.com/maloquacious/quetzal v0.2.3 h1:8B2Hd9eX3w3bPWAss8ncIRz4NN1AyyZbM14H3PlS/qU=
github.com/maloquacious/quetzal v0.2.3/go.mod h1:+tG4vGP3MtALjLLZHKIBxAz1sIK+MM9tqi24+bfrKoc=
github.com/maloquacious/zmachine v0.2.0 h1:wMKz8octs7bMAk1VZbJD3bp3A+muLrRJ/He7ZU3zHVI=
github.com/maloquacious/zmachine v0.2.0/go.mod h1:XmzNorSS0L2hneE+cPWBXbFhY+Nu3gB/veOYHGoIXwI=
